
Microsoft Visual Studio Solution File, Format Version 12.00
# Visual Studio Version 17
VisualStudioVersion = 17.0.31903.59
MinimumVisualStudioVersion = 10.0.40219.1
Project("{2150E333-8FDC-42A3-9474-1A3956D46DE8}") = "WebUIHelper-NuGet", "WebUIHelper-NuGet", "{25709F89-AC1D-B5D1-E5DC-2692B606C437}"
EndProject
Project("{FAE04EC0-301F-11D3-BF4B-00C04F79EFBC}") = "CSharpLearning.WebUIHelper", "WebUIHelper-NuGet\CSharpLearning.WebUIHelper\CSharpLearning.WebUIHelper.csproj", "{0A6BA35A-7D23-4AF4-AB82-A4B17374FF53}"
EndProject
Project("{2150E333-8FDC-42A3-9474-1A3956D46DE8}") = "Section 5 - Arrays and Collections", "Section 5 - Arrays and Collections", "{B8908675-C947-47FA-697A-4888D88BD8B8}"
EndProject
Project("{2150E333-8FDC-42A3-9474-1A3956D46DE8}") = "01 - Arrays vs List - When Each Makes Sense", "01 - Arrays vs List - When Each Makes Sense", "{9BD0E647-D465-F9AA-9C18-158BDD0059D6}"
EndProject
Project("{FAE04EC0-301F-11D3-BF4B-00C04F79EFBC}") = "StudentGradeTracker", "Section 5 - Arrays and Collections\01 - Arrays vs List - When Each Makes Sense\StudentGradeTracker\StudentGradeTracker.csproj", "{31FC5C41-7FB4-4C44-BBA8-06130D2871BD}"
EndProject
Global
	GlobalSection(SolutionConfigurationPlatforms) = preSolution
		Debug|Any CPU = Debug|Any CPU
		Debug|x64 = Debug|x64
		Debug|x86 = Debug|x86
		Release|Any CPU = Release|Any CPU
		Release|x64 = Release|x64
		Release|x86 = Release|x86
	EndGlobalSection
	GlobalSection(ProjectConfigurationPlatforms) = postSolution
		{0A6BA35A-7D23-4AF4-AB82-A4B17374FF53}.Debug|Any CPU.ActiveCfg = Debug|Any CPU
		{0A6BA35A-7D23-4AF4-AB82-A4B17374FF53}.Debug|Any CPU.Build.0 = Debug|Any CPU
		{0A6BA35A-7D23-4AF4-AB82-A4B17374FF53}.Debug|x64.ActiveCfg = Debug|Any CPU
		{0A6BA35A-7D23-4AF4-AB82-A4B17374FF53}.Debug|x64.Build.0 = Debug|Any CPU
		{0A6BA35A-7D23-4AF4-AB82-A4B17374FF53}.Debug|x86.ActiveCfg = Debug|Any CPU
		{0A6BA35A-7D23-4AF4-AB82-A4B17374FF53}.Debug|x86.Build.0 = Debug|Any CPU
		{0A6BA35A-7D23-4AF4-AB82-A4B17374FF53}.Release|Any CPU.ActiveCfg = Release|Any CPU
		{0A6BA35A-7D23-4AF4-AB82-A4B17374FF53}.Release|Any CPU.Build.0 = Release|Any CPU
		{0A6BA35A-7D23-4AF4-AB82-A4B17374FF53}.Release|x64.ActiveCfg = Release|Any CPU
		{0A6BA35A-7D23-4AF4-AB82-A4B17374FF53}.Release|x64.Build.0 = Release|Any CPU
		{0A6BA35A-7D23-4AF4-AB82-A4B17374FF53}.Release|x86.ActiveCfg = Release|Any CPU
		{0A6BA35A-7D23-4AF4-AB82-A4B17374FF53}.Release|x86.Build.0 = Release|Any CPU
		{31FC5C41-7FB4-4C44-BBA8-06130D2871BD}.Debug|Any CPU.ActiveCfg = Debug|Any CPU
		{31FC5C41-7FB4-4C44-BBA8-06130D2871BD}.Debug|Any CPU.Build.0 = Debug|Any CPU
		{31FC5C41-7FB4-4C44-BBA8-06130D2871BD}.Debug|x64.ActiveCfg = Debug|Any CPU
		{31FC5C41-7FB4-4C44-BBA8-06130D2871BD}.Debug|x64.Build.0 = Debug|Any CPU
		{31FC5C41-7FB4-4C44-BBA8-06130D2871BD}.Debug|x86.ActiveCfg = Debug|Any CPU
		{31FC5C41-7FB4-4C44-BBA8-06130D2871BD}.Debug|x86.Build.0 = Debug|Any CPU
		{31FC5C41-7FB4-4C44-BBA8-06130D2871BD}.Release|Any CPU.ActiveCfg = Release|Any CPU
		{31FC5C41-7FB4-4C44-BBA8-06130D2871BD}.Release|Any CPU.Build.0 = Release|Any CPU
		{31FC5C41-7FB4-4C44-BBA8-06130D2871BD}.Release|x64.ActiveCfg = Release|Any CPU
		{31FC5C41-7FB4-4C44-BBA8-06130D2871BD}.Release|x64.Build.0 = Release|Any CPU
		{31FC5C41-7FB4-4C44-BBA8-06130D2871BD}.Release|x86.ActiveCfg = Release|Any CPU
		{31FC5C41-7FB4-4C44-BBA8-06130D2871BD}.Release|x86.Build.0 = Release|Any CPU
	EndGlobalSection
	GlobalSection(SolutionProperties) = preSolution
		HideSolutionNode = FALSE
	EndGlobalSection
	GlobalSection(NestedProjects) = preSolution
		{0A6BA35A-7D23-4AF4-AB82-A4B17374FF53} = {25709F89-AC1D-B5D1-E5DC-2692B606C437}
		{9BD0E647-D465-F9AA-9C18-158BDD0059D6} = {B8908675-C947-47FA-697A-4888D88BD8B8}
		{31FC5C41-7FB4-4C44-BBA8-06130D2871BD} = {9BD0E647-D465-F9AA-9C18-158BDD0059D6}
	EndGlobalSection
EndGlobal
