
Microsoft Visual Studio Solution File, Format Version 12.00
# Visual Studio Version 17
VisualStudioVersion = 17.0.31903.59
MinimumVisualStudioVersion = 10.0.40219.1
Project("{2150E333-8FDC-42A3-9474-1A3956D46DE8}") = "WebUIHelper", "WebUIHelper", "{B12CD35C-D4AD-4251-07D9-CD667A5EC175}"
EndProject
Project("{FAE04EC0-301F-11D3-BF4B-00C04F79EFBC}") = "CSharpLearning.WebUIHelper", "WebUIHelper\CSharpLearning.WebUIHelper\CSharpLearning.WebUIHelper.csproj", "{16312CC8-D4DB-4372-ACAA-D1786CB92EB3}"
EndProject
Project("{2150E333-8FDC-42A3-9474-1A3956D46DE8}") = "01 - Arrays vs List - When Each Makes Sense", "01 - Arrays vs List - When Each Makes Sense", "{1D2432DA-F601-376B-DFFE-4C2605764633}"
EndProject
Project("{FAE04EC0-301F-11D3-BF4B-00C04F79EFBC}") = "StudentGradeTracker", "01 - Arrays vs List - When Each Makes Sense\StudentGradeTracker\StudentGradeTracker.csproj", "{0B463EB9-2F59-4AE5-BBA4-89C19265631A}"
EndProject
Project("{2150E333-8FDC-42A3-9474-1A3956D46DE8}") = "02 - Generics Made Simple What T Means", "02 - Generics Made Simple What T Means", "{B6D41769-5F9B-CC02-9B33-1C788058DECD}"
EndProject
Project("{FAE04EC0-301F-11D3-BF4B-00C04F79EFBC}") = "StudentGradeTracker", "02 - Generics Made Simple What T Means\StudentGradeTracker\StudentGradeTracker.csproj", "{5D8EC5B5-383B-499D-AB7C-01D1FBF03A9A}"
EndProject
Project("{2150E333-8FDC-42A3-9474-1A3956D46DE8}") = "03 - List string Basics Add Remove Show", "03 - List string Basics Add Remove Show", "{0FA47DBD-0D05-A2E5-9C5E-2A961D8E04B6}"
EndProject
Project("{FAE04EC0-301F-11D3-BF4B-00C04F79EFBC}") = "StudentGradeTracker", "03 - List string Basics Add Remove Show\StudentGradeTracker\StudentGradeTracker.csproj", "{12866D92-3103-4D74-A42C-476C58C85156}"
EndProject
Global
	GlobalSection(SolutionConfigurationPlatforms) = preSolution
		Debug|Any CPU = Debug|Any CPU
		Debug|x64 = Debug|x64
		Debug|x86 = Debug|x86
		Release|Any CPU = Release|Any CPU
		Release|x64 = Release|x64
		Release|x86 = Release|x86
	EndGlobalSection
	GlobalSection(ProjectConfigurationPlatforms) = postSolution
		{16312CC8-D4DB-4372-ACAA-D1786CB92EB3}.Debug|Any CPU.ActiveCfg = Debug|Any CPU
		{16312CC8-D4DB-4372-ACAA-D1786CB92EB3}.Debug|Any CPU.Build.0 = Debug|Any CPU
		{16312CC8-D4DB-4372-ACAA-D1786CB92EB3}.Debug|x64.ActiveCfg = Debug|Any CPU
		{16312CC8-D4DB-4372-ACAA-D1786CB92EB3}.Debug|x64.Build.0 = Debug|Any CPU
		{16312CC8-D4DB-4372-ACAA-D1786CB92EB3}.Debug|x86.ActiveCfg = Debug|Any CPU
		{16312CC8-D4DB-4372-ACAA-D1786CB92EB3}.Debug|x86.Build.0 = Debug|Any CPU
		{16312CC8-D4DB-4372-ACAA-D1786CB92EB3}.Release|Any CPU.ActiveCfg = Release|Any CPU
		{16312CC8-D4DB-4372-ACAA-D1786CB92EB3}.Release|Any CPU.Build.0 = Release|Any CPU
		{16312CC8-D4DB-4372-ACAA-D1786CB92EB3}.Release|x64.ActiveCfg = Release|Any CPU
		{16312CC8-D4DB-4372-ACAA-D1786CB92EB3}.Release|x64.Build.0 = Release|Any CPU
		{16312CC8-D4DB-4372-ACAA-D1786CB92EB3}.Release|x86.ActiveCfg = Release|Any CPU
		{16312CC8-D4DB-4372-ACAA-D1786CB92EB3}.Release|x86.Build.0 = Release|Any CPU
		{0B463EB9-2F59-4AE5-BBA4-89C19265631A}.Debug|Any CPU.ActiveCfg = Debug|Any CPU
		{0B463EB9-2F59-4AE5-BBA4-89C19265631A}.Debug|Any CPU.Build.0 = Debug|Any CPU
		{0B463EB9-2F59-4AE5-BBA4-89C19265631A}.Debug|x64.ActiveCfg = Debug|Any CPU
		{0B463EB9-2F59-4AE5-BBA4-89C19265631A}.Debug|x64.Build.0 = Debug|Any CPU
		{0B463EB9-2F59-4AE5-BBA4-89C19265631A}.Debug|x86.ActiveCfg = Debug|Any CPU
		{0B463EB9-2F59-4AE5-BBA4-89C19265631A}.Debug|x86.Build.0 = Debug|Any CPU
		{0B463EB9-2F59-4AE5-BBA4-89C19265631A}.Release|Any CPU.ActiveCfg = Release|Any CPU
		{0B463EB9-2F59-4AE5-BBA4-89C19265631A}.Release|Any CPU.Build.0 = Release|Any CPU
		{0B463EB9-2F59-4AE5-BBA4-89C19265631A}.Release|x64.ActiveCfg = Release|Any CPU
		{0B463EB9-2F59-4AE5-BBA4-89C19265631A}.Release|x64.Build.0 = Release|Any CPU
		{0B463EB9-2F59-4AE5-BBA4-89C19265631A}.Release|x86.ActiveCfg = Release|Any CPU
		{0B463EB9-2F59-4AE5-BBA4-89C19265631A}.Release|x86.Build.0 = Release|Any CPU
		{5D8EC5B5-383B-499D-AB7C-01D1FBF03A9A}.Debug|Any CPU.ActiveCfg = Debug|Any CPU
		{5D8EC5B5-383B-499D-AB7C-01D1FBF03A9A}.Debug|Any CPU.Build.0 = Debug|Any CPU
		{5D8EC5B5-383B-499D-AB7C-01D1FBF03A9A}.Debug|x64.ActiveCfg = Debug|Any CPU
		{5D8EC5B5-383B-499D-AB7C-01D1FBF03A9A}.Debug|x64.Build.0 = Debug|Any CPU
		{5D8EC5B5-383B-499D-AB7C-01D1FBF03A9A}.Debug|x86.ActiveCfg = Debug|Any CPU
		{5D8EC5B5-383B-499D-AB7C-01D1FBF03A9A}.Debug|x86.Build.0 = Debug|Any CPU
		{5D8EC5B5-383B-499D-AB7C-01D1FBF03A9A}.Release|Any CPU.ActiveCfg = Release|Any CPU
		{5D8EC5B5-383B-499D-AB7C-01D1FBF03A9A}.Release|Any CPU.Build.0 = Release|Any CPU
		{5D8EC5B5-383B-499D-AB7C-01D1FBF03A9A}.Release|x64.ActiveCfg = Release|Any CPU
		{5D8EC5B5-383B-499D-AB7C-01D1FBF03A9A}.Release|x64.Build.0 = Release|Any CPU
		{5D8EC5B5-383B-499D-AB7C-01D1FBF03A9A}.Release|x86.ActiveCfg = Release|Any CPU
		{5D8EC5B5-383B-499D-AB7C-01D1FBF03A9A}.Release|x86.Build.0 = Release|Any CPU
		{12866D92-3103-4D74-A42C-476C58C85156}.Debug|Any CPU.ActiveCfg = Debug|Any CPU
		{12866D92-3103-4D74-A42C-476C58C85156}.Debug|Any CPU.Build.0 = Debug|Any CPU
		{12866D92-3103-4D74-A42C-476C58C85156}.Debug|x64.ActiveCfg = Debug|Any CPU
		{12866D92-3103-4D74-A42C-476C58C85156}.Debug|x64.Build.0 = Debug|Any CPU
		{12866D92-3103-4D74-A42C-476C58C85156}.Debug|x86.ActiveCfg = Debug|Any CPU
		{12866D92-3103-4D74-A42C-476C58C85156}.Debug|x86.Build.0 = Debug|Any CPU
		{12866D92-3103-4D74-A42C-476C58C85156}.Release|Any CPU.ActiveCfg = Release|Any CPU
		{12866D92-3103-4D74-A42C-476C58C85156}.Release|Any CPU.Build.0 = Release|Any CPU
		{12866D92-3103-4D74-A42C-476C58C85156}.Release|x64.ActiveCfg = Release|Any CPU
		{12866D92-3103-4D74-A42C-476C58C85156}.Release|x64.Build.0 = Release|Any CPU
		{12866D92-3103-4D74-A42C-476C58C85156}.Release|x86.ActiveCfg = Release|Any CPU
		{12866D92-3103-4D74-A42C-476C58C85156}.Release|x86.Build.0 = Release|Any CPU
	EndGlobalSection
	GlobalSection(SolutionProperties) = preSolution
		HideSolutionNode = FALSE
	EndGlobalSection
	GlobalSection(NestedProjects) = preSolution
		{16312CC8-D4DB-4372-ACAA-D1786CB92EB3} = {B12CD35C-D4AD-4251-07D9-CD667A5EC175}
		{0B463EB9-2F59-4AE5-BBA4-89C19265631A} = {1D2432DA-F601-376B-DFFE-4C2605764633}
		{5D8EC5B5-383B-499D-AB7C-01D1FBF03A9A} = {B6D41769-5F9B-CC02-9B33-1C788058DECD}
		{12866D92-3103-4D74-A42C-476C58C85156} = {0FA47DBD-0D05-A2E5-9C5E-2A961D8E04B6}
	EndGlobalSection
EndGlobal
