
Microsoft Visual Studio Solution File, Format Version 12.00
# Visual Studio Version 17
VisualStudioVersion = 17.14.36414.22 d17.14
MinimumVisualStudioVersion = 10.0.40219.1
Project("{FAE04EC0-301F-11D3-BF4B-00C04F79EFBC}") = "ClassRoster", "ClassRoster\ClassRoster.csproj", "{490E2546-DC7B-41CC-91DA-DC7AA7A3446A}"
EndProject
Global
	GlobalSection(SolutionConfigurationPlatforms) = preSolution
		Debug|Any CPU = Debug|Any CPU
		Release|Any CPU = Release|Any CPU
	EndGlobalSection
	GlobalSection(ProjectConfigurationPlatforms) = postSolution
		{490E2546-DC7B-41CC-91DA-DC7AA7A3446A}.Debug|Any CPU.ActiveCfg = Debug|Any CPU
		{490E2546-DC7B-41CC-91DA-DC7AA7A3446A}.Debug|Any CPU.Build.0 = Debug|Any CPU
		{490E2546-DC7B-41CC-91DA-DC7AA7A3446A}.Release|Any CPU.ActiveCfg = Release|Any CPU
		{490E2546-DC7B-41CC-91DA-DC7AA7A3446A}.Release|Any CPU.Build.0 = Release|Any CPU
	EndGlobalSection
	GlobalSection(SolutionProperties) = preSolution
		HideSolutionNode = FALSE
	EndGlobalSection
	GlobalSection(ExtensibilityGlobals) = postSolution
		SolutionGuid = {F07F7626-7368-4DCB-A725-66C332E6FB3F}
	EndGlobalSection
EndGlobal
